
Microsoft Visual Studio Solution File, Format Version 12.00
# Visual Studio 15
VisualStudioVersion = 15.0.27130.2020
MinimumVisualStudioVersion = 10.0.40219.1
Project("{FAE04EC0-301F-11D3-BF4B-00C04F79EFBC}") = "Hipsters.Batch", "Hipsters.Batch\Hipsters.Batch.csproj", "{8C53F259-ECE2-4C34-8732-0D02B5C429EF}"
EndProject
Global
	GlobalSection(SolutionConfigurationPlatforms) = preSolution
		Debug|Any CPU = Debug|Any CPU
		Release|Any CPU = Release|Any CPU
	EndGlobalSection
	GlobalSection(ProjectConfigurationPlatforms) = postSolution
		{8C53F259-ECE2-4C34-8732-0D02B5C429EF}.Debug|Any CPU.ActiveCfg = Debug|Any CPU
		{8C53F259-ECE2-4C34-8732-0D02B5C429EF}.Debug|Any CPU.Build.0 = Debug|Any CPU
		{8C53F259-ECE2-4C34-8732-0D02B5C429EF}.Release|Any CPU.ActiveCfg = Release|Any CPU
		{8C53F259-ECE2-4C34-8732-0D02B5C429EF}.Release|Any CPU.Build.0 = Release|Any CPU
	EndGlobalSection
	GlobalSection(SolutionProperties) = preSolution
		HideSolutionNode = FALSE
	EndGlobalSection
	GlobalSection(ExtensibilityGlobals) = postSolution
		SolutionGuid = {BB755059-A03A-40C8-B2A1-7FF0B9425F36}
	EndGlobalSection
EndGlobal
